
Microsoft Visual Studio Solution File, Format Version 12.00
# Visual Studio Version 17
VisualStudioVersion = 17.6.33815.320
MinimumVisualStudioVersion = 10.0.40219.1
Project("{9A19103F-16F7-4668-BE54-9A1E7A4F7556}") = "the first", "the first\the first.csproj", "{F01FD651-66A5-408B-B263-D47F74314558}"
EndProject
Project("{FAE04EC0-301F-11D3-BF4B-00C04F79EFBC}") = "ConsoleApp1", "ConsoleApp1\ConsoleApp1.csproj", "{DDCBB95D-2481-4BC3-A860-61A09118CF82}"
EndProject
Global
	GlobalSection(SolutionConfigurationPlatforms) = preSolution
		Debug|Any CPU = Debug|Any CPU
		Release|Any CPU = Release|Any CPU
	EndGlobalSection
	GlobalSection(ProjectConfigurationPlatforms) = postSolution
		{F01FD651-66A5-408B-B263-D47F74314558}.Debug|Any CPU.ActiveCfg = Debug|Any CPU
		{F01FD651-66A5-408B-B263-D47F74314558}.Debug|Any CPU.Build.0 = Debug|Any CPU
		{F01FD651-66A5-408B-B263-D47F74314558}.Release|Any CPU.ActiveCfg = Release|Any CPU
		{F01FD651-66A5-408B-B263-D47F74314558}.Release|Any CPU.Build.0 = Release|Any CPU
		{DDCBB95D-2481-4BC3-A860-61A09118CF82}.Debug|Any CPU.ActiveCfg = Debug|Any CPU
		{DDCBB95D-2481-4BC3-A860-61A09118CF82}.Debug|Any CPU.Build.0 = Debug|Any CPU
		{DDCBB95D-2481-4BC3-A860-61A09118CF82}.Release|Any CPU.ActiveCfg = Release|Any CPU
		{DDCBB95D-2481-4BC3-A860-61A09118CF82}.Release|Any CPU.Build.0 = Release|Any CPU
	EndGlobalSection
	GlobalSection(SolutionProperties) = preSolution
		HideSolutionNode = FALSE
	EndGlobalSection
	GlobalSection(ExtensibilityGlobals) = postSolution
		SolutionGuid = {AC0C7319-F92E-4199-AF79-146F806C0378}
	EndGlobalSection
EndGlobal
